// !$*UTF8*$!
{
	archiveVersion = 1;
	classes = {
	};
	objectVersion = 56;
	objects = {

/* Begin PBXBuildFile section */
		16AA71BC2A23F4D400D98B24 /* AppDelegate.swift in Sources */ = {isa = PBXBuildFile; fileRef = 16AA71BB2A23F4D400D98B24 /* AppDelegate.swift */; };
		16AA71BE2A23F4D400D98B24 /* SceneDelegate.swift in Sources */ = {isa = PBXBuildFile; fileRef = 16AA71BD2A23F4D400D98B24 /* SceneDelegate.swift */; };
		16AA71C02A23F4D400D98B24 /* ContactInfoViewController.swift in Sources */ = {isa = PBXBuildFile; fileRef = 16AA71BF2A23F4D400D98B24 /* ContactInfoViewController.swift */; };
		16AA71C32A23F4D400D98B24 /* Main.storyboard in Resources */ = {isa = PBXBuildFile; fileRef = 16AA71C12A23F4D400D98B24 /* Main.storyboard */; };
		16AA71C52A23F4D800D98B24 /* Assets.xcassets in Resources */ = {isa = PBXBuildFile; fileRef = 16AA71C42A23F4D800D98B24 /* Assets.xcassets */; };
		16AA71C82A23F4D800D98B24 /* LaunchScreen.storyboard in Resources */ = {isa = PBXBuildFile; fileRef = 16AA71C62A23F4D800D98B24 /* LaunchScreen.storyboard */; };
		16AA71D02A251D9800D98B24 /* PersonalListTableViewController.swift in Sources */ = {isa = PBXBuildFile; fileRef = 16AA71CF2A251D9800D98B24 /* PersonalListTableViewController.swift */; };
		16AA71D52A25200300D98B24 /* Person.swift in Sources */ = {isa = PBXBuildFile; fileRef = 16AA71D42A25200300D98B24 /* Person.swift */; };
		16AA71D82A25204300D98B24 /* DataStore.swift in Sources */ = {isa = PBXBuildFile; fileRef = 16AA71D72A25204300D98B24 /* DataStore.swift */; };
/* End PBXBuildFile section */

/* Begin PBXFileReference section */
		16AA71B82A23F4D400D98B24 /* ContactList.app */ = {isa = PBXFileReference; explicitFileType = wrapper.application; includeInIndex = 0; path = ContactList.app; sourceTree = BUILT_PRODUCTS_DIR; };
		16AA71BB2A23F4D400D98B24 /* AppDelegate.swift */ = {isa = PBXFileReference; lastKnownFileType = sourcecode.swift; path = AppDelegate.swift; sourceTree = "<group>"; };
		16AA71BD2A23F4D400D98B24 /* SceneDelegate.swift */ = {isa = PBXFileReference; lastKnownFileType = sourcecode.swift; path = SceneDelegate.swift; sourceTree = "<group>"; };
		16AA71BF2A23F4D400D98B24 /* ContactInfoViewController.swift */ = {isa = PBXFileReference; lastKnownFileType = sourcecode.swift; path = ContactInfoViewController.swift; sourceTree = "<group>"; };
		16AA71C22A23F4D400D98B24 /* Base */ = {isa = PBXFileReference; lastKnownFileType = file.storyboard; name = Base; path = Base.lproj/Main.storyboard; sourceTree = "<group>"; };
		16AA71C42A23F4D800D98B24 /* Assets.xcassets */ = {isa = PBXFileReference; lastKnownFileType = folder.assetcatalog; path = Assets.xcassets; sourceTree = "<group>"; };
		16AA71C72A23F4D800D98B24 /* Base */ = {isa = PBXFileReference; lastKnownFileType = file.storyboard; name = Base; path = Base.lproj/LaunchScreen.storyboard; sourceTree = "<group>"; };
		16AA71C92A23F4D800D98B24 /* Info.plist */ = {isa = PBXFileReference; lastKnownFileType = text.plist.xml; path = Info.plist; sourceTree = "<group>"; };
		16AA71CF2A251D9800D98B24 /* PersonalListTableViewController.swift */ = {isa = PBXFileReference; lastKnownFileType = sourcecode.swift; path = PersonalListTableViewController.swift; sourceTree = "<group>"; };
		16AA71D42A25200300D98B24 /* Person.swift */ = {isa = PBXFileReference; lastKnownFileType = sourcecode.swift; path = Person.swift; sourceTree = "<group>"; };
		16AA71D72A25204300D98B24 /* DataStore.swift */ = {isa = PBXFileReference; lastKnownFileType = sourcecode.swift; path = DataStore.swift; sourceTree = "<group>"; };
/* End PBXFileReference section */

/* Begin PBXFrameworksBuildPhase section */
		16AA71B52A23F4D400D98B24 /* Frameworks */ = {
			isa = PBXFrameworksBuildPhase;
			buildActionMask = 2147483647;
			files = (
			);
			runOnlyForDeploymentPostprocessing = 0;
		};
/* End PBXFrameworksBuildPhase section */

/* Begin PBXGroup section */
		16AA71AF2A23F4D400D98B24 = {
			isa = PBXGroup;
			children = (
				16AA71BA2A23F4D400D98B24 /* ContactList */,
				16AA71B92A23F4D400D98B24 /* Products */,
			);
			sourceTree = "<group>";
		};
		16AA71B92A23F4D400D98B24 /* Products */ = {
			isa = PBXGroup;
			children = (
				16AA71B82A23F4D400D98B24 /* ContactList.app */,
			);
			name = Products;
			sourceTree = "<group>";
		};
		16AA71BA2A23F4D400D98B24 /* ContactList */ = {
			isa = PBXGroup;
			children = (
				16AA71D32A251ED900D98B24 /* App */,
				16AA71D22A251EC400D98B24 /* ViewControllers */,
				16AA71D12A251EAF00D98B24 /* Storyboards */,
				16AA71C42A23F4D800D98B24 /* Assets.xcassets */,
				16AA71D62A25200D00D98B24 /* Models */,
			);
			path = ContactList;
			sourceTree = "<group>";
		};
		16AA71D12A251EAF00D98B24 /* Storyboards */ = {
			isa = PBXGroup;
			children = (
				16AA71C12A23F4D400D98B24 /* Main.storyboard */,
				16AA71C62A23F4D800D98B24 /* LaunchScreen.storyboard */,
			);
			path = Storyboards;
			sourceTree = "<group>";
		};
		16AA71D22A251EC400D98B24 /* ViewControllers */ = {
			isa = PBXGroup;
			children = (
				16AA71BF2A23F4D400D98B24 /* ContactInfoViewController.swift */,
				16AA71CF2A251D9800D98B24 /* PersonalListTableViewController.swift */,
			);
			path = ViewControllers;
			sourceTree = "<group>";
		};
		16AA71D32A251ED900D98B24 /* App */ = {
			isa = PBXGroup;
			children = (
				16AA71BB2A23F4D400D98B24 /* AppDelegate.swift */,
				16AA71BD2A23F4D400D98B24 /* SceneDelegate.swift */,
				16AA71C92A23F4D800D98B24 /* Info.plist */,
			);
			path = App;
			sourceTree = "<group>";
		};
		16AA71D62A25200D00D98B24 /* Models */ = {
			isa = PBXGroup;
			children = (
				16AA71D42A25200300D98B24 /* Person.swift */,
				16AA71D72A25204300D98B24 /* DataStore.swift */,
			);
			path = Models;
			sourceTree = "<group>";
		};
/* End PBXGroup section */

/* Begin PBXNativeTarget section */
		16AA71B72A23F4D400D98B24 /* ContactList */ = {
			isa = PBXNativeTarget;
			buildConfigurationList = 16AA71CC2A23F4D800D98B24 /* Build configuration list for PBXNativeTarget "ContactList" */;
			buildPhases = (
				16AA71B42A23F4D400D98B24 /* Sources */,
				16AA71B52A23F4D400D98B24 /* Frameworks */,
				16AA71B62A23F4D400D98B24 /* Resources */,
			);
			buildRules = (
			);
			dependencies = (
			);
			name = ContactList;
			productName = ContactList;
			productReference = 16AA71B82A23F4D400D98B24 /* ContactList.app */;
			productType = "com.apple.product-type.application";
		};
/* End PBXNativeTarget section */

/* Begin PBXProject section */
		16AA71B02A23F4D400D98B24 /* Project object */ = {
			isa = PBXProject;
			attributes = {
				BuildIndependentTargetsInParallel = 1;
				LastSwiftUpdateCheck = 1420;
				LastUpgradeCheck = 1420;
				TargetAttributes = {
					16AA71B72A23F4D400D98B24 = {
						CreatedOnToolsVersion = 14.2;
					};
				};
			};
			buildConfigurationList = 16AA71B32A23F4D400D98B24 /* Build configuration list for PBXProject "ContactList" */;
			compatibilityVersion = "Xcode 14.0";
			developmentRegion = en;
			hasScannedForEncodings = 0;
			knownRegions = (
				en,
				Base,
			);
			mainGroup = 16AA71AF2A23F4D400D98B24;
			productRefGroup = 16AA71B92A23F4D400D98B24 /* Products */;
			projectDirPath = "";
			projectRoot = "";
			targets = (
				16AA71B72A23F4D400D98B24 /* ContactList */,
			);
		};
/* End PBXProject section */

/* Begin PBXResourcesBuildPhase section */
		16AA71B62A23F4D400D98B24 /* Resources */ = {
			isa = PBXResourcesBuildPhase;
			buildActionMask = 2147483647;
			files = (
				16AA71C82A23F4D800D98B24 /* LaunchScreen.storyboard in Resources */,
				16AA71C52A23F4D800D98B24 /* Assets.xcassets in Resources */,
				16AA71C32A23F4D400D98B24 /* Main.storyboard in Resources */,
			);
			runOnlyForDeploymentPostprocessing = 0;
		};
/* End PBXResourcesBuildPhase section */

/* Begin PBXSourcesBuildPhase section */
		16AA71B42A23F4D400D98B24 /* Sources */ = {
			isa = PBXSourcesBuildPhase;
			buildActionMask = 2147483647;
			files = (
				16AA71D52A25200300D98B24 /* Person.swift in Sources */,
				16AA71D82A25204300D98B24 /* DataStore.swift in Sources */,
				16AA71C02A23F4D400D98B24 /* ContactInfoViewController.swift in Sources */,
				16AA71BC2A23F4D400D98B24 /* AppDelegate.swift in Sources */,
				16AA71BE2A23F4D400D98B24 /* SceneDelegate.swift in Sources */,
				16AA71D02A251D9800D98B24 /* PersonalListTableViewController.swift in Sources */,
			);
			runOnlyForDeploymentPostprocessing = 0;
		};
/* End PBXSourcesBuildPhase section */

/* Begin PBXVariantGroup section */
		16AA71C12A23F4D400D98B24 /* Main.storyboard */ = {
			isa = PBXVariantGroup;
			children = (
				16AA71C22A23F4D400D98B24 /* Base */,
			);
			name = Main.storyboard;
			sourceTree = "<group>";
		};
		16AA71C62A23F4D800D98B24 /* LaunchScreen.storyboard */ = {
			isa = PBXVariantGroup;
			children = (
				16AA71C72A23F4D800D98B24 /* Base */,
			);
			name = LaunchScreen.storyboard;
			sourceTree = "<group>";
		};
/* End PBXVariantGroup section */

/* Begin XCBuildConfiguration section */
		16AA71CA2A23F4D800D98B24 /* Debug */ = {
			isa = XCBuildConfiguration;
			buildSettings = {
				ALWAYS_SEARCH_USER_PATHS = NO;
				CLANG_ANALYZER_NONNULL = YES;
				CLANG_ANALYZER_NUMBER_OBJECT_CONVERSION = YES_AGGRESSIVE;
				CLANG_CXX_LANGUAGE_STANDARD = "gnu++20";
				CLANG_ENABLE_MODULES = YES;
				CLANG_ENABLE_OBJC_ARC = YES;
				CLANG_ENABLE_OBJC_WEAK = YES;
				CLANG_WARN_BLOCK_CAPTURE_AUTORELEASING = YES;
				CLANG_WARN_BOOL_CONVERSION = YES;
				CLANG_WARN_COMMA = YES;
				CLANG_WARN_CONSTANT_CONVERSION = YES;
				CLANG_WARN_DEPRECATED_OBJC_IMPLEMENTATIONS = YES;
				CLANG_WARN_DIRECT_OBJC_ISA_USAGE = YES_ERROR;
				CLANG_WARN_DOCUMENTATION_COMMENTS = YES;
				CLANG_WARN_EMPTY_BODY = YES;
				CLANG_WARN_ENUM_CONVERSION = YES;
				CLANG_WARN_INFINITE_RECURSION = YES;
				CLANG_WARN_INT_CONVERSION = YES;
				CLANG_WARN_NON_LITERAL_NULL_CONVERSION = YES;
				CLANG_WARN_OBJC_IMPLICIT_RETAIN_SELF = YES;
				CLANG_WARN_OBJC_LITERAL_CONVERSION = YES;
				CLANG_WARN_OBJC_ROOT_CLASS = YES_ERROR;
				CLANG_WARN_QUOTED_INCLUDE_IN_FRAMEWORK_HEADER = YES;
				CLANG_WARN_RANGE_LOOP_ANALYSIS = YES;
				CLANG_WARN_STRICT_PROTOTYPES = YES;
				CLANG_WARN_SUSPICIOUS_MOVE = YES;
				CLANG_WARN_UNGUARDED_AVAILABILITY = YES_AGGRESSIVE;
				CLANG_WARN_UNREACHABLE_CODE = YES;
				CLANG_WARN__DUPLICATE_METHOD_MATCH = YES;
				COPY_PHASE_STRIP = NO;
				DEBUG_INFORMATION_FORMAT = dwarf;
				ENABLE_STRICT_OBJC_MSGSEND = YES;
				ENABLE_TESTABILITY = YES;
				GCC_C_LANGUAGE_STANDARD = gnu11;
				GCC_DYNAMIC_NO_PIC = NO;
				GCC_NO_COMMON_BLOCKS = YES;
				GCC_OPTIMIZATION_LEVEL = 0;
				GCC_PREPROCESSOR_DEFINITIONS = (
					"DEBUG=1",
					"$(inherited)",
				);
				GCC_WARN_64_TO_32_BIT_CONVERSION = YES;
				GCC_WARN_ABOUT_RETURN_TYPE = YES_ERROR;
				GCC_WARN_UNDECLARED_SELECTOR = YES;
				GCC_WARN_UNINITIALIZED_AUTOS = YES_AGGRESSIVE;
				GCC_WARN_UNUSED_FUNCTION = YES;
				GCC_WARN_UNUSED_VARIABLE = YES;
				IPHONEOS_DEPLOYMENT_TARGET = 16.2;
				MTL_ENABLE_DEBUG_INFO = INCLUDE_SOURCE;
				MTL_FAST_MATH = YES;
				ONLY_ACTIVE_ARCH = YES;
				SDKROOT = iphoneos;
				SWIFT_ACTIVE_COMPILATION_CONDITIONS = DEBUG;
				SWIFT_OPTIMIZATION_LEVEL = "-Onone";
			};
			name = Debug;
		};
		16AA71CB2A23F4D800D98B24 /* Release */ = {
			isa = XCBuildConfiguration;
			buildSettings = {
				ALWAYS_SEARCH_USER_PATHS = NO;
				CLANG_ANALYZER_NONNULL = YES;
				CLANG_ANALYZER_NUMBER_OBJECT_CONVERSION = YES_AGGRESSIVE;
				CLANG_CXX_LANGUAGE_STANDARD = "gnu++20";
				CLANG_ENABLE_MODULES = YES;
				CLANG_ENABLE_OBJC_ARC = YES;
				CLANG_ENABLE_OBJC_WEAK = YES;
				CLANG_WARN_BLOCK_CAPTURE_AUTORELEASING = YES;
				CLANG_WARN_BOOL_CONVERSION = YES;
				CLANG_WARN_COMMA = YES;
				CLANG_WARN_CONSTANT_CONVERSION = YES;
				CLANG_WARN_DEPRECATED_OBJC_IMPLEMENTATIONS = YES;
				CLANG_WARN_DIRECT_OBJC_ISA_USAGE = YES_ERROR;
				CLANG_WARN_DOCUMENTATION_COMMENTS = YES;
				CLANG_WARN_EMPTY_BODY = YES;
				CLANG_WARN_ENUM_CONVERSION = YES;
				CLANG_WARN_INFINITE_RECURSION = YES;
				CLANG_WARN_INT_CONVERSION = YES;
				CLANG_WARN_NON_LITERAL_NULL_CONVERSION = YES;
				CLANG_WARN_OBJC_IMPLICIT_RETAIN_SELF = YES;
				CLANG_WARN_OBJC_LITERAL_CONVERSION = YES;
				CLANG_WARN_OBJC_ROOT_CLASS = YES_ERROR;
				CLANG_WARN_QUOTED_INCLUDE_IN_FRAMEWORK_HEADER = YES;
				CLANG_WARN_RANGE_LOOP_ANALYSIS = YES;
				CLANG_WARN_STRICT_PROTOTYPES = YES;
				CLANG_WARN_SUSPICIOUS_MOVE = YES;
				CLANG_WARN_UNGUARDED_AVAILABILITY = YES_AGGRESSIVE;
				CLANG_WARN_UNREACHABLE_CODE = YES;
				CLANG_WARN__DUPLICATE_METHOD_MATCH = YES;
				COPY_PHASE_STRIP = NO;
				DEBUG_INFORMATION_FORMAT = "dwarf-with-dsym";
				ENABLE_NS_ASSERTIONS = NO;
				ENABLE_STRICT_OBJC_MSGSEND = YES;
				GCC_C_LANGUAGE_STANDARD = gnu11;
				GCC_NO_COMMON_BLOCKS = YES;
				GCC_WARN_64_TO_32_BIT_CONVERSION = YES;
				GCC_WARN_ABOUT_RETURN_TYPE = YES_ERROR;
				GCC_WARN_UNDECLARED_SELECTOR = YES;
				GCC_WARN_UNINITIALIZED_AUTOS = YES_AGGRESSIVE;
				GCC_WARN_UNUSED_FUNCTION = YES;
				GCC_WARN_UNUSED_VARIABLE = YES;
				IPHONEOS_DEPLOYMENT_TARGET = 16.2;
				MTL_ENABLE_DEBUG_INFO = NO;
				MTL_FAST_MATH = YES;
				SDKROOT = iphoneos;
				SWIFT_COMPILATION_MODE = wholemodule;
				SWIFT_OPTIMIZATION_LEVEL = "-O";
				VALIDATE_PRODUCT = YES;
			};
			name = Release;
		};
		16AA71CD2A23F4D800D98B24 /* Debug */ = {
			isa = XCBuildConfiguration;
			buildSettings = {
				ASSETCATALOG_COMPILER_APPICON_NAME = AppIcon;
				ASSETCATALOG_COMPILER_GLOBAL_ACCENT_COLOR_NAME = AccentColor;
				CODE_SIGN_STYLE = Automatic;
				CURRENT_PROJECT_VERSION = 1;
				DEVELOPMENT_TEAM = 5G4B9V9433;
				GENERATE_INFOPLIST_FILE = YES;
				INFOPLIST_FILE = ContactList/App/Info.plist;
				INFOPLIST_KEY_UIApplicationSupportsIndirectInputEvents = YES;
				INFOPLIST_KEY_UILaunchStoryboardName = LaunchScreen;
				INFOPLIST_KEY_UIMainStoryboardFile = Main;
				INFOPLIST_KEY_UISupportedInterfaceOrientations_iPad = "UIInterfaceOrientationPortrait UIInterfaceOrientationPortraitUpsideDown UIInterfaceOrientationLandscapeLeft UIInterfaceOrientationLandscapeRight";
				INFOPLIST_KEY_UISupportedInterfaceOrientations_iPhone = "UIInterfaceOrientationPortrait UIInterfaceOrientationLandscapeLeft UIInterfaceOrientationLandscapeRight";
				LD_RUNPATH_SEARCH_PATHS = (
					"$(inherited)",
					"@executable_path/Frameworks",
				);
				MARKETING_VERSION = 1.0;
				PRODUCT_BUNDLE_IDENTIFIER = ZalmanZoteev.ContactList;
				PRODUCT_NAME = "$(TARGET_NAME)";
				SWIFT_EMIT_LOC_STRINGS = YES;
				SWIFT_VERSION = 5.0;
				TARGETED_DEVICE_FAMILY = "1,2";
			};
			name = Debug;
		};
		16AA71CE2A23F4D800D98B24 /* Release */ = {
			isa = XCBuildConfiguration;
			buildSettings = {
				ASSETCATALOG_COMPILER_APPICON_NAME = AppIcon;
				ASSETCATALOG_COMPILER_GLOBAL_ACCENT_COLOR_NAME = AccentColor;
				CODE_SIGN_STYLE = Automatic;
				CURRENT_PROJECT_VERSION = 1;
				DEVELOPMENT_TEAM = 5G4B9V9433;
				GENERATE_INFOPLIST_FILE = YES;
				INFOPLIST_FILE = ContactList/App/Info.plist;
				INFOPLIST_KEY_UIApplicationSupportsIndirectInputEvents = YES;
				INFOPLIST_KEY_UILaunchStoryboardName = LaunchScreen;
				INFOPLIST_KEY_UIMainStoryboardFile = Main;
				INFOPLIST_KEY_UISupportedInterfaceOrientations_iPad = "UIInterfaceOrientationPortrait UIInterfaceOrientationPortraitUpsideDown UIInterfaceOrientationLandscapeLeft UIInterfaceOrientationLandscapeRight";
				INFOPLIST_KEY_UISupportedInterfaceOrientations_iPhone = "UIInterfaceOrientationPortrait UIInterfaceOrientationLandscapeLeft UIInterfaceOrientationLandscapeRight";
				LD_RUNPATH_SEARCH_PATHS = (
					"$(inherited)",
					"@executable_path/Frameworks",
				);
				MARKETING_VERSION = 1.0;
				PRODUCT_BUNDLE_IDENTIFIER = ZalmanZoteev.ContactList;
				PRODUCT_NAME = "$(TARGET_NAME)";
				SWIFT_EMIT_LOC_STRINGS = YES;
				SWIFT_VERSION = 5.0;
				TARGETED_DEVICE_FAMILY = "1,2";
			};
			name = Release;
		};
/* End XCBuildConfiguration section */

/* Begin XCConfigurationList section */
		16AA71B32A23F4D400D98B24 /* Build configuration list for PBXProject "ContactList" */ = {
			isa = XCConfigurationList;
			buildConfigurations = (
				16AA71CA2A23F4D800D98B24 /* Debug */,
				16AA71CB2A23F4D800D98B24 /* Release */,
			);
			defaultConfigurationIsVisible = 0;
			defaultConfigurationName = Release;
		};
		16AA71CC2A23F4D800D98B24 /* Build configuration list for PBXNativeTarget "ContactList" */ = {
			isa = XCConfigurationList;
			buildConfigurations = (
				16AA71CD2A23F4D800D98B24 /* Debug */,
				16AA71CE2A23F4D800D98B24 /* Release */,
			);
			defaultConfigurationIsVisible = 0;
			defaultConfigurationName = Release;
		};
/* End XCConfigurationList section */
	};
	rootObject = 16AA71B02A23F4D400D98B24 /* Project object */;
}
